// !$*UTF8*$!
{
	archiveVersion = 1;
	classes = {
	};
	objectVersion = 48;
	objects = {

/* Begin PBXBuildFile section */
		561AE51B1FD8865000307931 /* AppDelegate.swift in Sources */ = {isa = PBXBuildFile; fileRef = 561AE51A1FD8865000307931 /* AppDelegate.swift */; };
		561AE51D1FD8865000307931 /* ViewController.swift in Sources */ = {isa = PBXBuildFile; fileRef = 561AE51C1FD8865000307931 /* ViewController.swift */; };
		561AE5201FD8865000307931 /* Main.storyboard in Resources */ = {isa = PBXBuildFile; fileRef = 561AE51E1FD8865000307931 /* Main.storyboard */; };
		561AE5221FD8865000307931 /* Assets.xcassets in Resources */ = {isa = PBXBuildFile; fileRef = 561AE5211FD8865000307931 /* Assets.xcassets */; };
		561AE5251FD8865000307931 /* LaunchScreen.storyboard in Resources */ = {isa = PBXBuildFile; fileRef = 561AE5231FD8865000307931 /* LaunchScreen.storyboard */; };
		561AE52E1FD8964900307931 /* Game.swift in Sources */ = {isa = PBXBuildFile; fileRef = 561AE52D1FD8964900307931 /* Game.swift */; };
		561AE5301FD8970300307931 /* Card.swift in Sources */ = {isa = PBXBuildFile; fileRef = 561AE52F1FD8970300307931 /* Card.swift */; };
		561AE5321FD89D8100307931 /* Deck.swift in Sources */ = {isa = PBXBuildFile; fileRef = 561AE5311FD89D8100307931 /* Deck.swift */; };
		563ED183206C128C00A37477 /* AspectRatioGrid.swift in Sources */ = {isa = PBXBuildFile; fileRef = 563ED182206C128C00A37477 /* AspectRatioGrid.swift */; };
		563ED185206C273000A37477 /* PlayArea.swift in Sources */ = {isa = PBXBuildFile; fileRef = 563ED184206C273000A37477 /* PlayArea.swift */; };
		565FA31C1FF46A6800D4F4D0 /* CardButton.swift in Sources */ = {isa = PBXBuildFile; fileRef = 565FA31B1FF46A6800D4F4D0 /* CardButton.swift */; };
/* End PBXBuildFile section */

/* Begin PBXFileReference section */
		561AE5171FD8865000307931 /* Set.app */ = {isa = PBXFileReference; explicitFileType = wrapper.application; includeInIndex = 0; path = Set.app; sourceTree = BUILT_PRODUCTS_DIR; };
		561AE51A1FD8865000307931 /* AppDelegate.swift */ = {isa = PBXFileReference; lastKnownFileType = sourcecode.swift; path = AppDelegate.swift; sourceTree = "<group>"; };
		561AE51C1FD8865000307931 /* ViewController.swift */ = {isa = PBXFileReference; lastKnownFileType = sourcecode.swift; path = ViewController.swift; sourceTree = "<group>"; };
		561AE51F1FD8865000307931 /* Base */ = {isa = PBXFileReference; lastKnownFileType = file.storyboard; name = Base; path = Base.lproj/Main.storyboard; sourceTree = "<group>"; };
		561AE5211FD8865000307931 /* Assets.xcassets */ = {isa = PBXFileReference; lastKnownFileType = folder.assetcatalog; path = Assets.xcassets; sourceTree = "<group>"; };
		561AE5241FD8865000307931 /* Base */ = {isa = PBXFileReference; lastKnownFileType = file.storyboard; name = Base; path = Base.lproj/LaunchScreen.storyboard; sourceTree = "<group>"; };
		561AE5261FD8865000307931 /* Info.plist */ = {isa = PBXFileReference; lastKnownFileType = text.plist.xml; path = Info.plist; sourceTree = "<group>"; };
		561AE52D1FD8964900307931 /* Game.swift */ = {isa = PBXFileReference; lastKnownFileType = sourcecode.swift; path = Game.swift; sourceTree = "<group>"; };
		561AE52F1FD8970300307931 /* Card.swift */ = {isa = PBXFileReference; lastKnownFileType = sourcecode.swift; path = Card.swift; sourceTree = "<group>"; };
		561AE5311FD89D8100307931 /* Deck.swift */ = {isa = PBXFileReference; lastKnownFileType = sourcecode.swift; path = Deck.swift; sourceTree = "<group>"; };
		563ED182206C128C00A37477 /* AspectRatioGrid.swift */ = {isa = PBXFileReference; lastKnownFileType = sourcecode.swift; path = AspectRatioGrid.swift; sourceTree = "<group>"; };
		563ED184206C273000A37477 /* PlayArea.swift */ = {isa = PBXFileReference; lastKnownFileType = sourcecode.swift; path = PlayArea.swift; sourceTree = "<group>"; };
		565FA31B1FF46A6800D4F4D0 /* CardButton.swift */ = {isa = PBXFileReference; lastKnownFileType = sourcecode.swift; path = CardButton.swift; sourceTree = "<group>"; };
/* End PBXFileReference section */

/* Begin PBXFrameworksBuildPhase section */
		561AE5141FD8865000307931 /* Frameworks */ = {
			isa = PBXFrameworksBuildPhase;
			buildActionMask = 2147483647;
			files = (
			);
			runOnlyForDeploymentPostprocessing = 0;
		};
/* End PBXFrameworksBuildPhase section */

/* Begin PBXGroup section */
		561AE50E1FD8865000307931 = {
			isa = PBXGroup;
			children = (
				561AE5191FD8865000307931 /* Set */,
				561AE5181FD8865000307931 /* Products */,
			);
			sourceTree = "<group>";
		};
		561AE5181FD8865000307931 /* Products */ = {
			isa = PBXGroup;
			children = (
				561AE5171FD8865000307931 /* Set.app */,
			);
			name = Products;
			sourceTree = "<group>";
		};
		561AE5191FD8865000307931 /* Set */ = {
			isa = PBXGroup;
			children = (
				561AE52C1FD88F3900307931 /* Supporting Files */,
				563ED182206C128C00A37477 /* AspectRatioGrid.swift */,
				561AE52F1FD8970300307931 /* Card.swift */,
				565FA31B1FF46A6800D4F4D0 /* CardButton.swift */,
				561AE5311FD89D8100307931 /* Deck.swift */,
				561AE52D1FD8964900307931 /* Game.swift */,
				561AE5261FD8865000307931 /* Info.plist */,
				561AE51E1FD8865000307931 /* Main.storyboard */,
				563ED184206C273000A37477 /* PlayArea.swift */,
				561AE51C1FD8865000307931 /* ViewController.swift */,
			);
			path = Set;
			sourceTree = "<group>";
		};
		561AE52C1FD88F3900307931 /* Supporting Files */ = {
			isa = PBXGroup;
			children = (
				561AE51A1FD8865000307931 /* AppDelegate.swift */,
				561AE5211FD8865000307931 /* Assets.xcassets */,
				561AE5231FD8865000307931 /* LaunchScreen.storyboard */,
			);
			path = "Supporting Files";
			sourceTree = "<group>";
		};
/* End PBXGroup section */

/* Begin PBXNativeTarget section */
		561AE5161FD8865000307931 /* Set */ = {
			isa = PBXNativeTarget;
			buildConfigurationList = 561AE5291FD8865000307931 /* Build configuration list for PBXNativeTarget "Set" */;
			buildPhases = (
				561AE5131FD8865000307931 /* Sources */,
				561AE5141FD8865000307931 /* Frameworks */,
				561AE5151FD8865000307931 /* Resources */,
			);
			buildRules = (
			);
			dependencies = (
			);
			name = Set;
			productName = Set;
			productReference = 561AE5171FD8865000307931 /* Set.app */;
			productType = "com.apple.product-type.application";
		};
/* End PBXNativeTarget section */

/* Begin PBXProject section */
		561AE50F1FD8865000307931 /* Project object */ = {
			isa = PBXProject;
			attributes = {
				LastSwiftUpdateCheck = 0910;
				LastUpgradeCheck = 0910;
				ORGANIZATIONNAME = eudaimonious;
				TargetAttributes = {
					561AE5161FD8865000307931 = {
						CreatedOnToolsVersion = 9.1;
						ProvisioningStyle = Automatic;
					};
				};
			};
			buildConfigurationList = 561AE5121FD8865000307931 /* Build configuration list for PBXProject "Set" */;
			compatibilityVersion = "Xcode 8.0";
			developmentRegion = en;
			hasScannedForEncodings = 0;
			knownRegions = (
				en,
				Base,
			);
			mainGroup = 561AE50E1FD8865000307931;
			productRefGroup = 561AE5181FD8865000307931 /* Products */;
			projectDirPath = "";
			projectRoot = "";
			targets = (
				561AE5161FD8865000307931 /* Set */,
			);
		};
/* End PBXProject section */

/* Begin PBXResourcesBuildPhase section */
		561AE5151FD8865000307931 /* Resources */ = {
			isa = PBXResourcesBuildPhase;
			buildActionMask = 2147483647;
			files = (
				561AE5251FD8865000307931 /* LaunchScreen.storyboard in Resources */,
				561AE5221FD8865000307931 /* Assets.xcassets in Resources */,
				561AE5201FD8865000307931 /* Main.storyboard in Resources */,
			);
			runOnlyForDeploymentPostprocessing = 0;
		};
/* End PBXResourcesBuildPhase section */

/* Begin PBXSourcesBuildPhase section */
		561AE5131FD8865000307931 /* Sources */ = {
			isa = PBXSourcesBuildPhase;
			buildActionMask = 2147483647;
			files = (
				565FA31C1FF46A6800D4F4D0 /* CardButton.swift in Sources */,
				561AE51D1FD8865000307931 /* ViewController.swift in Sources */,
				561AE52E1FD8964900307931 /* Game.swift in Sources */,
				561AE5321FD89D8100307931 /* Deck.swift in Sources */,
				561AE51B1FD8865000307931 /* AppDelegate.swift in Sources */,
				563ED183206C128C00A37477 /* AspectRatioGrid.swift in Sources */,
				561AE5301FD8970300307931 /* Card.swift in Sources */,
				563ED185206C273000A37477 /* PlayArea.swift in Sources */,
			);
			runOnlyForDeploymentPostprocessing = 0;
		};
/* End PBXSourcesBuildPhase section */

/* Begin PBXVariantGroup section */
		561AE51E1FD8865000307931 /* Main.storyboard */ = {
			isa = PBXVariantGroup;
			children = (
				561AE51F1FD8865000307931 /* Base */,
			);
			name = Main.storyboard;
			sourceTree = "<group>";
		};
		561AE5231FD8865000307931 /* LaunchScreen.storyboard */ = {
			isa = PBXVariantGroup;
			children = (
				561AE5241FD8865000307931 /* Base */,
			);
			name = LaunchScreen.storyboard;
			sourceTree = "<group>";
		};
/* End PBXVariantGroup section */

/* Begin XCBuildConfiguration section */
		561AE5271FD8865000307931 /* Debug */ = {
			isa = XCBuildConfiguration;
			buildSettings = {
				ALWAYS_SEARCH_USER_PATHS = NO;
				CLANG_ANALYZER_NONNULL = YES;
				CLANG_ANALYZER_NUMBER_OBJECT_CONVERSION = YES_AGGRESSIVE;
				CLANG_CXX_LANGUAGE_STANDARD = "gnu++14";
				CLANG_CXX_LIBRARY = "libc++";
				CLANG_ENABLE_MODULES = YES;
				CLANG_ENABLE_OBJC_ARC = YES;
				CLANG_WARN_BLOCK_CAPTURE_AUTORELEASING = YES;
				CLANG_WARN_BOOL_CONVERSION = YES;
				CLANG_WARN_COMMA = YES;
				CLANG_WARN_CONSTANT_CONVERSION = YES;
				CLANG_WARN_DIRECT_OBJC_ISA_USAGE = YES_ERROR;
				CLANG_WARN_DOCUMENTATION_COMMENTS = YES;
				CLANG_WARN_EMPTY_BODY = YES;
				CLANG_WARN_ENUM_CONVERSION = YES;
				CLANG_WARN_INFINITE_RECURSION = YES;
				CLANG_WARN_INT_CONVERSION = YES;
				CLANG_WARN_NON_LITERAL_NULL_CONVERSION = YES;
				CLANG_WARN_OBJC_LITERAL_CONVERSION = YES;
				CLANG_WARN_OBJC_ROOT_CLASS = YES_ERROR;
				CLANG_WARN_RANGE_LOOP_ANALYSIS = YES;
				CLANG_WARN_STRICT_PROTOTYPES = YES;
				CLANG_WARN_SUSPICIOUS_MOVE = YES;
				CLANG_WARN_UNGUARDED_AVAILABILITY = YES_AGGRESSIVE;
				CLANG_WARN_UNREACHABLE_CODE = YES;
				CLANG_WARN__DUPLICATE_METHOD_MATCH = YES;
				CODE_SIGN_IDENTITY = "iPhone Developer";
				COPY_PHASE_STRIP = NO;
				DEBUG_INFORMATION_FORMAT = dwarf;
				ENABLE_STRICT_OBJC_MSGSEND = YES;
				ENABLE_TESTABILITY = YES;
				GCC_C_LANGUAGE_STANDARD = gnu11;
				GCC_DYNAMIC_NO_PIC = NO;
				GCC_NO_COMMON_BLOCKS = YES;
				GCC_OPTIMIZATION_LEVEL = 0;
				GCC_PREPROCESSOR_DEFINITIONS = (
					"DEBUG=1",
					"$(inherited)",
				);
				GCC_WARN_64_TO_32_BIT_CONVERSION = YES;
				GCC_WARN_ABOUT_RETURN_TYPE = YES_ERROR;
				GCC_WARN_UNDECLARED_SELECTOR = YES;
				GCC_WARN_UNINITIALIZED_AUTOS = YES_AGGRESSIVE;
				GCC_WARN_UNUSED_FUNCTION = YES;
				GCC_WARN_UNUSED_VARIABLE = YES;
				IPHONEOS_DEPLOYMENT_TARGET = 11.1;
				MTL_ENABLE_DEBUG_INFO = YES;
				ONLY_ACTIVE_ARCH = YES;
				SDKROOT = iphoneos;
				SWIFT_ACTIVE_COMPILATION_CONDITIONS = DEBUG;
				SWIFT_OPTIMIZATION_LEVEL = "-Onone";
			};
			name = Debug;
		};
		561AE5281FD8865000307931 /* Release */ = {
			isa = XCBuildConfiguration;
			buildSettings = {
				ALWAYS_SEARCH_USER_PATHS = NO;
				CLANG_ANALYZER_NONNULL = YES;
				CLANG_ANALYZER_NUMBER_OBJECT_CONVERSION = YES_AGGRESSIVE;
				CLANG_CXX_LANGUAGE_STANDARD = "gnu++14";
				CLANG_CXX_LIBRARY = "libc++";
				CLANG_ENABLE_MODULES = YES;
				CLANG_ENABLE_OBJC_ARC = YES;
				CLANG_WARN_BLOCK_CAPTURE_AUTORELEASING = YES;
				CLANG_WARN_BOOL_CONVERSION = YES;
				CLANG_WARN_COMMA = YES;
				CLANG_WARN_CONSTANT_CONVERSION = YES;
				CLANG_WARN_DIRECT_OBJC_ISA_USAGE = YES_ERROR;
				CLANG_WARN_DOCUMENTATION_COMMENTS = YES;
				CLANG_WARN_EMPTY_BODY = YES;
				CLANG_WARN_ENUM_CONVERSION = YES;
				CLANG_WARN_INFINITE_RECURSION = YES;
				CLANG_WARN_INT_CONVERSION = YES;
				CLANG_WARN_NON_LITERAL_NULL_CONVERSION = YES;
				CLANG_WARN_OBJC_LITERAL_CONVERSION = YES;
				CLANG_WARN_OBJC_ROOT_CLASS = YES_ERROR;
				CLANG_WARN_RANGE_LOOP_ANALYSIS = YES;
				CLANG_WARN_STRICT_PROTOTYPES = YES;
				CLANG_WARN_SUSPICIOUS_MOVE = YES;
				CLANG_WARN_UNGUARDED_AVAILABILITY = YES_AGGRESSIVE;
				CLANG_WARN_UNREACHABLE_CODE = YES;
				CLANG_WARN__DUPLICATE_METHOD_MATCH = YES;
				CODE_SIGN_IDENTITY = "iPhone Developer";
				COPY_PHASE_STRIP = NO;
				DEBUG_INFORMATION_FORMAT = "dwarf-with-dsym";
				ENABLE_NS_ASSERTIONS = NO;
				ENABLE_STRICT_OBJC_MSGSEND = YES;
				GCC_C_LANGUAGE_STANDARD = gnu11;
				GCC_NO_COMMON_BLOCKS = YES;
				GCC_WARN_64_TO_32_BIT_CONVERSION = YES;
				GCC_WARN_ABOUT_RETURN_TYPE = YES_ERROR;
				GCC_WARN_UNDECLARED_SELECTOR = YES;
				GCC_WARN_UNINITIALIZED_AUTOS = YES_AGGRESSIVE;
				GCC_WARN_UNUSED_FUNCTION = YES;
				GCC_WARN_UNUSED_VARIABLE = YES;
				IPHONEOS_DEPLOYMENT_TARGET = 11.1;
				MTL_ENABLE_DEBUG_INFO = NO;
				SDKROOT = iphoneos;
				SWIFT_OPTIMIZATION_LEVEL = "-Owholemodule";
				VALIDATE_PRODUCT = YES;
			};
			name = Release;
		};
		561AE52A1FD8865000307931 /* Debug */ = {
			isa = XCBuildConfiguration;
			buildSettings = {
				ASSETCATALOG_COMPILER_APPICON_NAME = AppIcon;
				CODE_SIGN_STYLE = Automatic;
				DEVELOPMENT_TEAM = 74X62F3EEQ;
				INFOPLIST_FILE = Set/Info.plist;
				LD_RUNPATH_SEARCH_PATHS = "$(inherited) @executable_path/Frameworks";
				PRODUCT_BUNDLE_IDENTIFIER = com.eudaimonious.Set;
				PRODUCT_NAME = "$(TARGET_NAME)";
				SWIFT_VERSION = 4.0;
				TARGETED_DEVICE_FAMILY = "1,2";
			};
			name = Debug;
		};
		561AE52B1FD8865000307931 /* Release */ = {
			isa = XCBuildConfiguration;
			buildSettings = {
				ASSETCATALOG_COMPILER_APPICON_NAME = AppIcon;
				CODE_SIGN_STYLE = Automatic;
				DEVELOPMENT_TEAM = 74X62F3EEQ;
				INFOPLIST_FILE = Set/Info.plist;
				LD_RUNPATH_SEARCH_PATHS = "$(inherited) @executable_path/Frameworks";
				PRODUCT_BUNDLE_IDENTIFIER = com.eudaimonious.Set;
				PRODUCT_NAME = "$(TARGET_NAME)";
				SWIFT_VERSION = 4.0;
				TARGETED_DEVICE_FAMILY = "1,2";
			};
			name = Release;
		};
/* End XCBuildConfiguration section */

/* Begin XCConfigurationList section */
		561AE5121FD8865000307931 /* Build configuration list for PBXProject "Set" */ = {
			isa = XCConfigurationList;
			buildConfigurations = (
				561AE5271FD8865000307931 /* Debug */,
				561AE5281FD8865000307931 /* Release */,
			);
			defaultConfigurationIsVisible = 0;
			defaultConfigurationName = Release;
		};
		561AE5291FD8865000307931 /* Build configuration list for PBXNativeTarget "Set" */ = {
			isa = XCConfigurationList;
			buildConfigurations = (
				561AE52A1FD8865000307931 /* Debug */,
				561AE52B1FD8865000307931 /* Release */,
			);
			defaultConfigurationIsVisible = 0;
			defaultConfigurationName = Release;
		};
/* End XCConfigurationList section */
	};
	rootObject = 561AE50F1FD8865000307931 /* Project object */;
}
